
Microsoft Visual Studio Solution File, Format Version 12.00
# Visual Studio Version 17
VisualStudioVersion = 17.0.32014.148
MinimumVisualStudioVersion = 10.0.40219.1
Project("{9A19103F-16F7-4668-BE54-9A1E7A4F7556}") = "E-Learning.Learning", "E-Learning.Learning\E-Learning.Learning.csproj", "{ACBC8E99-7C11-483C-AC8B-671898C5734D}"
EndProject
Project("{9A19103F-16F7-4668-BE54-9A1E7A4F7556}") = "E-Learning.Domain", "E-Learning.Domain\E-Learning.Domain.csproj", "{725A6ABB-E81E-41BD-AA90-9E4283B923D4}"
EndProject
Project("{9A19103F-16F7-4668-BE54-9A1E7A4F7556}") = "E-Learning.Data", "E-Learning.Data\E-Learning.Data.csproj", "{060FB6DF-F341-407A-BC2E-B20FF3C9B9E2}"
EndProject
Project("{9A19103F-16F7-4668-BE54-9A1E7A4F7556}") = "E-Learning.BL", "E-Learning.BL\E-Learning.BL.csproj", "{74E9141A-F22C-4573-A711-0A07ECAECEB1}"
EndProject
Project("{9A19103F-16F7-4668-BE54-9A1E7A4F7556}") = "E-Learning.Admin", "E-Learning.Admin\E-Learning.Admin.csproj", "{E99AA18B-C918-4602-8BA4-0DF58C279504}"
EndProject
Project("{9A19103F-16F7-4668-BE54-9A1E7A4F7556}") = "E-Learning.ViewModel", "E-Learning.ViewModel\E-Learning.ViewModel.csproj", "{0066BE20-F252-4F98-B260-D2DDCA5E7F5F}"
EndProject
Global
	GlobalSection(SolutionConfigurationPlatforms) = preSolution
		Debug|Any CPU = Debug|Any CPU
		Release|Any CPU = Release|Any CPU
	EndGlobalSection
	GlobalSection(ProjectConfigurationPlatforms) = postSolution
		{ACBC8E99-7C11-483C-AC8B-671898C5734D}.Debug|Any CPU.ActiveCfg = Debug|Any CPU
		{ACBC8E99-7C11-483C-AC8B-671898C5734D}.Debug|Any CPU.Build.0 = Debug|Any CPU
		{ACBC8E99-7C11-483C-AC8B-671898C5734D}.Release|Any CPU.ActiveCfg = Release|Any CPU
		{ACBC8E99-7C11-483C-AC8B-671898C5734D}.Release|Any CPU.Build.0 = Release|Any CPU
		{725A6ABB-E81E-41BD-AA90-9E4283B923D4}.Debug|Any CPU.ActiveCfg = Debug|Any CPU
		{725A6ABB-E81E-41BD-AA90-9E4283B923D4}.Debug|Any CPU.Build.0 = Debug|Any CPU
		{725A6ABB-E81E-41BD-AA90-9E4283B923D4}.Release|Any CPU.ActiveCfg = Release|Any CPU
		{725A6ABB-E81E-41BD-AA90-9E4283B923D4}.Release|Any CPU.Build.0 = Release|Any CPU
		{060FB6DF-F341-407A-BC2E-B20FF3C9B9E2}.Debug|Any CPU.ActiveCfg = Debug|Any CPU
		{060FB6DF-F341-407A-BC2E-B20FF3C9B9E2}.Debug|Any CPU.Build.0 = Debug|Any CPU
		{060FB6DF-F341-407A-BC2E-B20FF3C9B9E2}.Release|Any CPU.ActiveCfg = Release|Any CPU
		{060FB6DF-F341-407A-BC2E-B20FF3C9B9E2}.Release|Any CPU.Build.0 = Release|Any CPU
		{74E9141A-F22C-4573-A711-0A07ECAECEB1}.Debug|Any CPU.ActiveCfg = Debug|Any CPU
		{74E9141A-F22C-4573-A711-0A07ECAECEB1}.Debug|Any CPU.Build.0 = Debug|Any CPU
		{74E9141A-F22C-4573-A711-0A07ECAECEB1}.Release|Any CPU.ActiveCfg = Release|Any CPU
		{74E9141A-F22C-4573-A711-0A07ECAECEB1}.Release|Any CPU.Build.0 = Release|Any CPU
		{E99AA18B-C918-4602-8BA4-0DF58C279504}.Debug|Any CPU.ActiveCfg = Debug|Any CPU
		{E99AA18B-C918-4602-8BA4-0DF58C279504}.Debug|Any CPU.Build.0 = Debug|Any CPU
		{E99AA18B-C918-4602-8BA4-0DF58C279504}.Release|Any CPU.ActiveCfg = Release|Any CPU
		{E99AA18B-C918-4602-8BA4-0DF58C279504}.Release|Any CPU.Build.0 = Release|Any CPU
		{0066BE20-F252-4F98-B260-D2DDCA5E7F5F}.Debug|Any CPU.ActiveCfg = Debug|Any CPU
		{0066BE20-F252-4F98-B260-D2DDCA5E7F5F}.Debug|Any CPU.Build.0 = Debug|Any CPU
		{0066BE20-F252-4F98-B260-D2DDCA5E7F5F}.Release|Any CPU.ActiveCfg = Release|Any CPU
		{0066BE20-F252-4F98-B260-D2DDCA5E7F5F}.Release|Any CPU.Build.0 = Release|Any CPU
	EndGlobalSection
	GlobalSection(SolutionProperties) = preSolution
		HideSolutionNode = FALSE
	EndGlobalSection
	GlobalSection(ExtensibilityGlobals) = postSolution
		SolutionGuid = {F656F18C-4D1F-48C3-8879-DFD34944FF3F}
	EndGlobalSection
EndGlobal
